
Microsoft Visual Studio Solution File, Format Version 12.00
# Visual Studio Version 16
VisualStudioVersion = 16.0.32002.261
MinimumVisualStudioVersion = 10.0.40219.1
Project("{FAE04EC0-301F-11D3-BF4B-00C04F79EFBC}") = "AppFlowSkeleton", "AppFlowSkeleton\AppFlowSkeleton.csproj", "{C650128C-935F-42D0-955B-F3AAA7464712}"
EndProject
Global
	GlobalSection(SolutionConfigurationPlatforms) = preSolution
		Debug|Any CPU = Debug|Any CPU
		Release|Any CPU = Release|Any CPU
	EndGlobalSection
	GlobalSection(ProjectConfigurationPlatforms) = postSolution
		{C650128C-935F-42D0-955B-F3AAA7464712}.Debug|Any CPU.ActiveCfg = Debug|Any CPU
		{C650128C-935F-42D0-955B-F3AAA7464712}.Debug|Any CPU.Build.0 = Debug|Any CPU
		{C650128C-935F-42D0-955B-F3AAA7464712}.Release|Any CPU.ActiveCfg = Release|Any CPU
		{C650128C-935F-42D0-955B-F3AAA7464712}.Release|Any CPU.Build.0 = Release|Any CPU
	EndGlobalSection
	GlobalSection(SolutionProperties) = preSolution
		HideSolutionNode = FALSE
	EndGlobalSection
	GlobalSection(ExtensibilityGlobals) = postSolution
		SolutionGuid = {B86A6F51-1586-48C3-A9D0-016B29DB05D7}
	EndGlobalSection
EndGlobal
