
Microsoft Visual Studio Solution File, Format Version 12.00
# Visual Studio Version 17
VisualStudioVersion = 17.0.32112.339
MinimumVisualStudioVersion = 10.0.40219.1
Project("{FAE04EC0-301F-11D3-BF4B-00C04F79EFBC}") = "FlowerShopProject", "FlowerShopProject.csproj", "{D8E12444-3ABC-4496-B4E2-885994B82E40}"
EndProject
Global
	GlobalSection(SolutionConfigurationPlatforms) = preSolution
		Debug|Any CPU = Debug|Any CPU
		Release|Any CPU = Release|Any CPU
	EndGlobalSection
	GlobalSection(ProjectConfigurationPlatforms) = postSolution
		{D8E12444-3ABC-4496-B4E2-885994B82E40}.Debug|Any CPU.ActiveCfg = Debug|Any CPU
		{D8E12444-3ABC-4496-B4E2-885994B82E40}.Debug|Any CPU.Build.0 = Debug|Any CPU
		{D8E12444-3ABC-4496-B4E2-885994B82E40}.Release|Any CPU.ActiveCfg = Release|Any CPU
		{D8E12444-3ABC-4496-B4E2-885994B82E40}.Release|Any CPU.Build.0 = Release|Any CPU
	EndGlobalSection
	GlobalSection(SolutionProperties) = preSolution
		HideSolutionNode = FALSE
	EndGlobalSection
	GlobalSection(ExtensibilityGlobals) = postSolution
		SolutionGuid = {AEBD27A6-54D9-4A51-9CE9-5F27B122BACD}
	EndGlobalSection
EndGlobal
